# THIS IS AN AUTOGENERATED FILE. DO NOT EDIT THIS FILE DIRECTLY.
assets/_ionicons_svg_md-close.svg:
  development: 2018-05-22T14:19:51-05:00   e56f70f89faba013eb18243dfb94ef53
assets/PIERPONTLEATHERCREST.png:
  development: 2018-05-23T11:12:41-05:00   69e4661ad3c69da20e9e652272d62104
assets/PIERPONTLEATHERCREST.svg:
  development: 2018-05-23T10:58:26-05:00   69c4eee8371c0a2c5f7f0e567b737f87
assets/PIERPONTLEATHERLOGOA.svg:
  development: 2018-05-17T14:29:00-05:00   7c79a8bfbb4c80fb4832cc0f83e5fb5e
assets/arrow-backwards.svg:
  development: 2018-06-02T13:31:49-05:00   1bbb5a02ae484f6bc55075d70c8c052f
assets/arrow-forward.svg:
  development: 2018-05-29T01:14:54-05:00   34ad64270469944a598e719cf9c29444
assets/babel-compiled.js:
  development: 2018-06-02T13:49:06-05:00   16dd2b46fa0554054096561d583e08d5
assets/bag-fill.svg:
  development: 2018-05-19T10:07:44-05:00   614713594af66574b3681de85290f3f9
assets/bag.svg:
  development: 2018-05-19T10:09:28-05:00   403202d741b09a37516f7317e5503d33
assets/bundle.css:
  development: 2018-06-05T21:16:55-05:00   5f360843daaa35d52220c7e44974d49d
assets/bundle.css.map:
  development: 2018-06-05T21:16:56-05:00   ca085d791adbc93b3fc12e94542734c1
assets/fastclick.min.js:
  development: 2018-05-22T12:56:43-05:00   be213fdfda9f3b8e0aa35a4aa562be9d
assets/giftcard.js:
  development: 2018-05-01T10:02:23-05:00   b771bb1917067a40642c2d8e27cf877d
assets/ico-select.svg.liquid:
  development: 2018-05-01T10:02:23-05:00   765be6d2ef08d76aa0f1aab48a10e2b7
assets/icon-box-fast.svg:
  development: 2018-05-23T21:23:39-05:00   1f06729714d26e91ba24ff9aeeb49586
assets/icons.eot:
  development: 2018-05-22T13:55:42-05:00   6499aa740322bffbb6e26ebadf450c4a
assets/icons.json:
  development: 2018-05-22T13:55:42-05:00   6f9018585c3e215e29cef8e390091787
assets/icons.svg:
  development: 2018-05-22T13:55:43-05:00   1f568afd815839eae6eb796a52a497a6
assets/icons.ttf:
  development: 2018-05-22T13:55:43-05:00   0678272006d7b08a523ae6973a72d181
assets/icons.woff:
  development: 2018-05-22T13:55:44-05:00   6d64bee3b4d239a6cf6af98045a95954
assets/imports.min.js:
  development: 2018-06-05T09:52:46-05:00   839153fd3f8f668116d4fb9d507e8be2
assets/imports.min.js.map:
  development: 2018-06-05T09:52:46-05:00   cfab883e39f48d135084841c2476298c
assets/logo-main-large.svg:
  development: 2018-05-01T10:02:23-05:00   7eba3ef7f984fea00d8f2ca11c4c3397
assets/logo-main.svg:
  development: 2018-05-01T10:02:23-05:00   5fe2c0e96c8d2cd4255e60893400b02c
assets/logo-mobile.svg:
  development: 2018-05-28T13:40:28-05:00   2b6103da8f1d234ca4ca387116fef568
assets/logo.svg:
  development: 2018-05-28T13:29:43-05:00   f3d91f9a06651547b9a07dcac97a402a
assets/material.min.js:
  development: 2018-06-04T15:11:36-05:00   bb314ba9db8a5b83890b72865355bf84
assets/panzoom.js:
  development: 2018-05-30T14:17:52-05:00   64e335823b4b94d34b25a34ff935f63b
assets/pierpont-leather-logo-cg.svg:
  development: 2018-05-09T22:01:14-05:00   bc6d96fc0ab582690bec7c88be45ffb0
assets/pierpont-wallet-comparison.jpg:
  development: 2018-05-21T00:32:37-05:00   8c70aa01f229560069e2f8393bdb24dc
assets/pierpont-wallet-comparison.png:
  development: 2018-05-20T23:55:53-05:00   2513a752078b6371f72e033170cbfcfa
assets/pierpontlogo.svg:
  development: 2018-05-01T10:02:24-05:00   75236d4914094da1631498956442025f
assets/pl-circle-crest.svg:
  development: 2018-05-30T18:34:36-05:00   17af6dd920dd6f4bd84472ee60e408c1
assets/respond-proxy.html:
  development: 2018-05-22T10:56:13-05:00   fe91a2668aaf5c4a527127a6f6d762a4
assets/rivets-cart.min.js:
  development: 2018-05-24T11:46:43-05:00   3fbc557214bbbf2a10b48c4f0a0649f1
assets/scripts.min.js:
  development: 2018-06-05T10:08:51-05:00   f55f9acd5d40df48599ede7b287d5187
assets/scripts.min.js.map:
  development: 2018-06-05T10:08:51-05:00   f776b583a3e26d452a200b9cd2e5a635
assets/shopping-bag.svg:
  development: 2018-05-19T09:44:13-05:00   4ef5d4cc4ff7e0e7d1ab61df6257b02e
assets/theme.js:
  development: 2018-06-04T13:38:18-05:00   d2c1a251473edc8ca33a0b977feb8721
assets/theme.scss.liquid:
  development: 2018-06-02T13:46:36-05:00   c4d64b1a47739ce81bde311785e55974
assets/vendor.js:
  development: 2018-05-31T09:57:29-05:00   275ce3de2341e3a63498ed54a3c5285c
assets/walletcomparison2.jpg:
  development: 2018-05-21T09:55:39-05:00   09b07ae16e43f4306255254df51c883d
assets/walletcomparison2desktop.jpg:
  development: 2018-05-21T15:26:37-05:00   883175174d3c431e0756e1b551c660a3
assets/walletcomparisonfinal.jpg:
  development: 2018-05-21T20:45:04-05:00   a26fcee68d26bba19f255e2bb714f836
assets/walletcomparisonfinalmobile.jpg:
  development: 2018-05-21T20:57:17-05:00   42d64a44c2c2791f4d72f78610cfdd7b
assets/what-the-hex.png:
  development: 2018-05-20T17:14:07-05:00   6633a16d942ac9d7e1a4ad258417fc8d
config/settings_data.json:
  development: 2018-05-01T10:02:28-05:00   40e9d3a24a9f228749b7a10971cc01a8
config/settings_schema.json:
  development: 2018-05-22T12:08:45-05:00   d659a4ca122d26fd21ad6d8e44f42c9e
layout/gift_card.liquid:
  development: 2018-05-01T10:02:24-05:00   b58166c5e68a3ac6fc885d27b6c84eb4
layout/password.liquid:
  development: 2018-05-01T10:02:24-05:00   a3126a75f83c949db861167020c63219
layout/theme.liquid:
  development: 2018-06-05T09:57:25-05:00   4b6bd475bbca23bcea4eac30971daa1d
locales/da.json:
  development: 2018-05-01T10:04:25-05:00   95a58eb18067e4498baaf8f5e1ba3b42
locales/de.json:
  development: 2018-05-01T10:03:58-05:00   310ea9d2ac8d9fdb8f48ba2a0323e9e5
locales/en.default.json:
  development: 2018-05-18T18:36:32-05:00   d86748b27624c28994f4d68bc5efd451
locales/es.json:
  development: 2018-05-01T10:04:28-05:00   5bef99727aa4c751ec7e7ec7bcf6c04c
locales/fr.json:
  development: 2018-05-01T10:04:25-05:00   dd11a8356b5ae41c443e3220b667ac32
locales/nl.json:
  development: 2018-05-01T10:04:14-05:00   097257892606991bed01c4fe846c8898
locales/pt-BR.json:
  development: 2018-05-01T10:03:58-05:00   6b58156c31cabf07a0394cb51f37c6ec
locales/pt-PT.json:
  development: 2018-05-01T10:04:32-05:00   1f39689b8220b99560c72f413f651461
sections/advanced-content.liquid:
  development: 2018-05-28T14:26:42-05:00   d72eb13ddeda8ba914ab823794c70ebc
sections/collection-list.liquid:
  development: 2018-05-28T15:18:33-05:00   b79e761c9626413917490717be59b81c
sections/featured-collection.liquid:
  development: 2018-05-28T14:21:14-05:00   ede5fb50954e2600aa0881f983e8c2bb
sections/featured-product.liquid:
  development: 2018-05-28T14:27:42-05:00   327ab295dc37c997b52f0634f0c403cd
sections/footer.liquid:
  development: 2018-05-23T07:35:47-05:00   2dbd15aeb924076084edc6ca84aa3c7b
sections/header.liquid:
  development: 2018-05-22T12:33:07-05:00   a91634348cc1f1dd859b5eb2419c80ef
sections/nothome-collection-list.liquid:
  development: 2018-05-28T17:53:49-05:00   43d0a107849db3894e1898b6603c6328
sections/product.liquid:
  development: 2018-06-05T15:41:50-05:00   580f5c804d4ea0c913850c1c9b6dfab1
sections/slideshow.liquid:
  development: 2018-06-05T11:50:48-05:00   6c3d2a6bdaa69347ce83728c10605fb8
snippets/breadcrumbs.liquid:
  development: 2018-05-28T17:02:15-05:00   efeee44c25e73d2d00402db6c5c1d04f
snippets/cart-slideout.liquid:
  development: 2018-06-04T22:28:47-05:00   842a5510a09fa30636ce0058a1b3c8e2
snippets/icon-amazon_payments.liquid:
  development: 2018-05-01T10:02:25-05:00   b5ff59d6df578a0fc1ca86322682cbaf
snippets/icon-american_express.liquid:
  development: 2018-05-01T10:02:25-05:00   9da829decce6867b8de60a183c94d099
snippets/icon-apple_pay.liquid:
  development: 2018-05-01T10:02:25-05:00   f679a56cc48b7bf65ea998f8c5029937
snippets/icon-arrow-down.liquid:
  development: 2018-05-01T10:02:25-05:00   4220a296e469301813f0696d88df0b82
snippets/icon-bitcoin.liquid:
  development: 2018-05-01T10:02:25-05:00   d8cb31e0401818c1cb852348b6f27420
snippets/icon-box-fast.liquid:
  development: 2018-05-24T16:09:10-05:00   a03d999e4d63065629ffc4d81e4e1bda
snippets/icon-cart.liquid:
  development: 2018-05-01T10:02:25-05:00   997476c1a780e5dcefac1458a9aab8b9
snippets/icon-cirrus.liquid:
  development: 2018-05-01T10:02:25-05:00   fcbd6ce7e38d7946c921c8ed6ad5ca71
snippets/icon-close-ios.liquid:
  development: 2018-05-26T18:07:32-05:00   ce874654d709e32f95760d8d176d7d51
snippets/icon-close-small.liquid:
  development: 2018-05-03T10:36:40-05:00   c332614e0ac237b18aa748379dddcf87
snippets/icon-close.liquid:
  development: 2018-05-01T10:02:25-05:00   1ae4758b5f5e0acc627a32e96ed79da9
snippets/icon-dankort.liquid:
  development: 2018-05-01T10:02:25-05:00   796e1e822b3e46784d303b48c9db5b29
snippets/icon-diners_club.liquid:
  development: 2018-05-01T10:02:25-05:00   cf70ea54486bb14c286264f90dab9ff8
snippets/icon-discover.liquid:
  development: 2018-05-01T10:02:25-05:00   b43221b39bc3df37f7e6c7810d3e54d8
snippets/icon-dogecoin.liquid:
  development: 2018-05-01T10:02:25-05:00   67abfb757def8ef6ad3e8501af6b98bd
snippets/icon-dwolla.liquid:
  development: 2018-05-01T10:02:25-05:00   30b9fb88641a559f68f401a1a95506e5
snippets/icon-facebook.liquid:
  development: 2018-05-01T10:02:25-05:00   334588042b292f2d7335fd2791c35eca
snippets/icon-forbrugsforeningen.liquid:
  development: 2018-05-01T10:02:25-05:00   dc60dbbf37b6b40ce2d5e8efb6a5cd7b
snippets/icon-hamburger.liquid:
  development: 2018-05-01T10:02:26-05:00   c61b1caa743b5790de67f0ccc8f3ba04
snippets/icon-instagram.liquid:
  development: 2018-05-01T10:02:26-05:00   bf50214819f6e2a5f053593e2414526d
snippets/icon-interac.liquid:
  development: 2018-05-01T10:02:26-05:00   24c4d22a98c0574c32fc02fe39e34b80
snippets/icon-jcb.liquid:
  development: 2018-05-01T10:02:26-05:00   275259ce80a1b368d0e5afcf7d6bb6f3
snippets/icon-litecoin.liquid:
  development: 2018-05-01T10:02:26-05:00   051dfcb36fa17b532a087b12f0a49e0e
snippets/icon-lock.liquid:
  development: 2018-05-01T10:02:26-05:00   60ae7ba03d14efa582faed8855821a58
snippets/icon-maestro.liquid:
  development: 2018-05-01T10:02:26-05:00   a540b6db188a28fb8f72ed741a897330
snippets/icon-master.liquid:
  development: 2018-05-01T10:02:26-05:00   a8160577c52110a093d7120692bb6241
snippets/icon-minus.liquid:
  development: 2018-05-01T10:02:26-05:00   78c513424d498299e865f8a242823ad0
snippets/icon-next.liquid:
  development: 2018-06-02T13:32:33-05:00   274a7803b8b61b653407e24c06553369
snippets/icon-paypal.liquid:
  development: 2018-05-01T10:02:26-05:00   1b0d7db160b229b8519cccf2514ee676
snippets/icon-pinterest.liquid:
  development: 2018-05-01T10:02:26-05:00   701f2a785b3fa83d63e3ab54af060031
snippets/icon-plus.liquid:
  development: 2018-05-01T10:02:26-05:00   ba5297f64eb7ea97f1785e8166e11231
snippets/icon-previous.liquid:
  development: 2018-06-02T13:31:53-05:00   6f4efdb4829b91e1e4ef8389a25bb4b5
snippets/icon-rss.liquid:
  development: 2018-05-01T10:02:26-05:00   192c99ddafd680c55f2fd9261df8d871
snippets/icon-search-reverse.liquid:
  development: 2018-05-30T16:00:40-05:00   e72cc11bc7d36d1a4d4a2820f20ae5f0
snippets/icon-search.liquid:
  development: 2018-05-18T18:58:04-05:00   a56d56b916139caecbfd56ad5712bb7e
snippets/icon-send.liquid:
  development: 2018-05-18T18:54:23-05:00   60ab1ebdf4263450435a92bace95bef8
snippets/icon-shopify-logo.liquid:
  development: 2018-05-01T10:02:26-05:00   70ebbe66d8a1bf488965e2ad372408c6
snippets/icon-snapchat.liquid:
  development: 2018-05-01T10:02:26-05:00   d6f0dedb86544b535e6ea5b25f66ef0d
snippets/icon-stock.liquid:
  development: 2018-05-29T14:43:47-05:00   2f5c3199e5b8d772118f3e1b7e421d5a
snippets/icon-tumblr.liquid:
  development: 2018-05-01T10:02:26-05:00   d71a4ada77a8a9b6bd792bdafef393de
snippets/icon-twitter.liquid:
  development: 2018-05-01T10:02:26-05:00   24047c22697a23a0baabf2804adc6c11
snippets/icon-vimeo.liquid:
  development: 2018-05-01T10:02:26-05:00   a229ed8a1a81e6ef95ad621f8a34efb6
snippets/icon-visa.liquid:
  development: 2018-05-01T10:02:26-05:00   9098533cd59e385d2672f6d8b7fa4b04
snippets/icon-youtube.liquid:
  development: 2018-05-01T10:02:26-05:00   9d72c5bc3eaa14a3e7aefd921881b1ae
snippets/image-logic.liquid:
  development: 2018-05-29T14:46:07-05:00   dc6614b4591b5e75f54768ca5d838321
snippets/image-style.liquid:
  development: 2018-05-29T12:20:03-05:00   4dc520141f123f01c25d0e0aff4b59fe
snippets/index.html:
  development: 2018-05-01T10:02:26-05:00   a47350e9782fd95cce49e5fd8251aa97
snippets/navigation-liq.liquid:
  development: 2018-05-15T12:01:06-05:00   42fb4e18ceea86d7af82c17526d05a24
snippets/navigation.liquid:
  development: 2018-05-30T22:34:01-05:00   d31c2c45196b9e877cd7f74613ceb869
snippets/newsletter.liquid:
  development: 2018-05-22T23:06:16-05:00   9f788da340e81f666c3c148fc5c1de03
snippets/no-blocks.liquid:
  development: 2018-05-01T10:02:27-05:00   0cb7d758b6df0feb07ae5804b4b627fa
snippets/pagination.liquid:
  development: 2018-05-01T10:02:27-05:00   d4a467973d86f8663428ddaaaf035d12
snippets/related-products.liquid:
  development: 2018-05-29T14:45:03-05:00   2d199c5bc06e81d5e1935be6146a7b61
snippets/search.liquid:
  development: 2018-05-01T15:03:01-05:00   29f1fc7e8dfe31469b1bf24deea63762
snippets/social-meta-tags.liquid:
  development: 2018-05-01T10:02:27-05:00   312dfc487a1aa92503527dbc4a4e56b4
snippets/social-sharing.liquid:
  development: 2018-05-01T10:02:27-05:00   987f1d283ac10d7849dc69d76221e37a
snippets/topnav.liquid:
  development: 2018-05-14T22:44:09-05:00   c64a13297d887f8920f9517093ae4daf
templates/404.liquid:
  development: 2018-05-01T10:02:27-05:00   a345bd048463d3bb245873ed26a41a98
templates/article.liquid:
  development: 2018-05-01T10:02:27-05:00   fac07164de019c3ce659632f62be372c
templates/blog.liquid:
  development: 2018-05-01T10:02:27-05:00   6afa6d4a6ed4b457f72a4c28c536dca9
templates/cart.liquid:
  development: 2018-05-26T18:44:17-05:00   32e2b19d374d4c982c5a4dfa42731f89
templates/collection.liquid:
  development: 2018-05-28T17:54:31-05:00   a7087e034dc58ded2c7cbd2fdc2019ea
templates/customers/account.liquid:
  development: 2018-05-01T10:02:27-05:00   4742bf0cc429943e699cbe9a0f528fa8
templates/customers/activate_account.liquid:
  development: 2018-05-01T10:02:27-05:00   9df448bfebd9818755cc375260469e32
templates/customers/addresses.liquid:
  development: 2018-05-01T10:02:27-05:00   3bf9b443cb0d71292ff3a1066df19ee1
templates/customers/login.liquid:
  development: 2018-05-01T10:02:27-05:00   5fb605d8eccf7d3109898209f7eb4ead
templates/customers/order.liquid:
  development: 2018-05-01T10:02:27-05:00   97a230cba05826518856f52fe8c6bad5
templates/customers/register.liquid:
  development: 2018-05-01T10:02:27-05:00   5daf7cefee78a7ce0ce75aa59a64d4c3
templates/customers/reset_password.liquid:
  development: 2018-05-01T10:02:27-05:00   f6e5f6d66dacbb6fffd82fb1a6d29cd4
templates/gift_card.liquid:
  development: 2018-05-01T10:02:27-05:00   69ebb9767564780f5bc82e2c18bc6eb7
templates/index.liquid:
  development: 2018-05-01T10:02:28-05:00   56b51b6f96394db4b17c64b43e1c0010
templates/list-collections.liquid:
  development: 2018-05-28T16:31:39-05:00   f91310633be84ecf088af4f7dffd772c
templates/page.contact.liquid:
  development: 2018-05-01T10:02:28-05:00   88dad9ec10b277c434ca6ea082a70052
templates/page.liquid:
  development: 2018-05-01T10:02:28-05:00   300278d299a5171fee928f45c938cd54
templates/page.styles.liquid:
  development: 2018-05-01T10:02:28-05:00   9fb4c3208eda89312711db4cdc2773c7
templates/password.liquid:
  development: 2018-05-01T10:02:28-05:00   73bba9f7f2437720e1e1fde57b544859
templates/product.liquid:
  development: 2018-05-01T10:02:28-05:00   4fd44b8093bad2e827e58f5564520abb
templates/search.liquid:
  development: 2018-05-01T10:02:28-05:00   63801fc20846d04a1b422d5bf6d3ca45
